charm.land/bubbles/v2 v2.2.1 h1:Fq1+qm5hV6GkvzLQDhCBpXXE5tLgvh1PRriCLwSvIQU=
charm.land/bubbles/v2 v2.2.1/go.mod h1:wdMgn+sje1KNXdwFizIWjbf328fIUBxqEmJ/vYPo8yc=
charm.land/bubbletea/v2 v2.0.9 h1:DpJCMWKgzQK8SJv4zbKKFHAI10ymWy/evClPFk0k0f8=
charm.land/bubbletea/v2 v2.0.9/go.mod h1:2SkdgoTXluXJHOUwAoRlRXF/28vklb1rFl6GcgV1/ss=
charm.land/lipgloss/v2 v2.0.6 h1:EaGKeuA8FvF+v2BT5VmZd2LoYLaMZJXA5n34th8nCIQ=
charm.land/lipgloss/v2 v2.0.6/go.mod h1:ipDDJNSGa1hlwDtSfW1s2/xR8Vdhbut4PXh2zEKZd0Q=
github.com/atotto/clipboard v0.1.4 h1:EH0zSVneZPSuFR11BlR9YppQTVDbh5+16AmcJi4g1z4=
github.com/atotto/clipboard v0.1.4/go.mod h1:ZY9tmq7sm5xIbd9bOK4onWV4S6X0u6GY7Vn0Yu86PYI=
github.com/aws/aws-sdk-go-v2 v1.47.0 h1:0jsHallhJCeaU0Ko48c/3FK1ctOQ7NpzggxriJOQ8MQ=
github.com/aws/aws-sdk-go-v2 v1.47.0/go.mod h1:bttEH6JqnUL8LepvDVfdrds/fZ5bCIxzpe3abyUrhDU=
github.com/aws/aws-sdk-go-v2/aws/protocol/eventstream v1.7.20 h1:GPRlPwz40I2B2VrBEASOA3Bi77NyeqejNLkifosX0rs=
github.com/aws/aws-sdk-go-v2/aws/protocol/eventstream v1.7.20/go.mod h1:g7PNzKcsOKWb4fkSRBA7BZVAS6Y8IcxzN+nRohhQ1Q8=
github.com/aws/aws-sdk-go-v2/config v1.33.4 h1:FzvkXKSzwqHni4U7nDigHg4jjtqMpVUuHgmZfSoJVQ0=
github.com/aws/aws-sdk-go-v2/config v1.33.4/go.mod h1:VZqGZnZsCWVfK/iGPptJIyNIX3XEX6iQU2Rel4sLrr8=
github.com/aws/aws-sdk-go-v2/credentials v1.20.4 h1:hTvrJJseKbvw32kmiE0G+u/9ZqpqscjDrTigHIXP2qs=
github.com/aws/aws-sdk-go-v2/credentials v1.20.4/go.mod h1:gWp9O1ZBWwpcIrgV+mVHk4gZUurAEDkgypu/OXOlIaw=
github.com/aws/aws-sdk-go-v2/feature/ec2/imds v1.20.0 h1:AM4hHjww+PSFtt6E+UrBrPlZkWsePCLEt9AjkfQX+yM=
github.com/aws/aws-sdk-go-v2/feature/ec2/imds v1.20.0/go.mod h1:3x/yXezeQjpOvBb4jEMxrS8SXvpdvJ5abv6l5c1gWM8=
github.com/aws/aws-sdk-go-v2/internal/configsources v1.5.3 h1:Hp/VgjP0BysR3OgLlR057Vz2LcbbVnoWeJ+3qWiS/fY=
github.com/aws/aws-sdk-go-v2/internal/configsources v1.5.3/go.mod h1:nwGV5qw7F1IZPgxCvA/ph8N2TAuz+BkRG/bXn808qMA=
github.com/aws/aws-sdk-go-v2/internal/endpoints/v2 v2.8.3 h1:MUaM4f+kj1ZIBPZfUS8cxP1GKXXZtHJjAthy93AN7SM=
github.com/aws/aws-sdk-go-v2/internal/endpoints/v2 v2.8.3/go.mod h1:6YmVmEVRI5ZZzRjCSsb9SryKH0hAlMRdgA7kG9aDvBU=
github.com/aws/aws-sdk-go-v2/internal/v4a v1.5.3 h1:fuSCw4Z2qfRCztMPO3GXJNSiEp6Wee+WOLwrHHUMy9c=
github.com/aws/aws-sdk-go-v2/internal/v4a v1.5.3/go.mod h1:6SxcHheD1pPR5+kWm1wGvjlL/YqUsh267sAfEmN4K7A=
github.com/aws/aws-sdk-go-v2/service/acm v1.50.0 h1:rdTVn2eXD8DM7BCzKlPUgYQtzAbjBjBe/H67P1ovmgQ=
github.com/aws/aws-sdk-go-v2/service/acm v1.50.0/go.mod h1:T/Y6CzJBYpYOGoRDxQxdZcxSNbQ8+ZR+Qlx0U7yGOy0=
github.com/aws/aws-sdk-go-v2/service/apigateway v1.47.0 h1:9Af5gpMRD70seN4LZDAPVOMvg2x1/bV+9Su67K4xx/g=
github.com/aws/aws-sdk-go-v2/service/apigateway v1.47.0/go.mod h1:EIFk+g5F6UY9FQ4exdbvuTmxFIG68qQy3+f56TlWwB4=
github.com/aws/aws-sdk-go-v2/service/apigatewayv2 v1.42.0 h1:nEXWFo6Dn3Ul0mS2uA6rlBmM0yz2bhqD9CCgiUKvENQ=
github.com/aws/aws-sdk-go-v2/service/apigatewayv2 v1.42.0/go.mod h1:225ayquQQEfDBpkWbIYpN/JMBAA/pG5vyECRkrilvbI=
github.com/aws/aws-sdk-go-v2/service/athena v1.66.0 h1:yGKwA5TyFb0tBKa1+byMbzFzBlW/UIFpCEQJ7KcV28c=
github.com/aws/aws-sdk-go-v2/service/athena v1.66.0/go.mod h1:j8OCGk/z/vfyinafVEKlb9aTADhofCK2/j3oOXsWn7U=
github.com/aws/aws-sdk-go-v2/service/autoscaling v1.78.0 h1:CN7ZkNEZb5Ob0DtntBQLE7cdpT13gzS1Gn+QMoZOjHA=
github.com/aws/aws-sdk-go-v2/service/autoscaling v1.78.0/go.mod h1:nkWNnRTHDlkZZrZzhmcPrOkoF+werzJzCOHGpbIpcfA=
github.com/aws/aws-sdk-go-v2/service/backup v1.65.0 h1:fWz+6hRwjmnJKtiXPBbJZutpmTCGePLgmZ0fbUL9tFc=
github.com/aws/aws-sdk-go-v2/service/backup v1.65.0/go.mod h1:QEaFmDCzYNbpo7/gAmsRnShieasyDJSy9oM/x/iFIE0=
github.com/aws/aws-sdk-go-v2/service/cloudformation v1.81.0 h1:HAYwS6/mgbd+M+enVmjjkHcpPfSzDKy9pVnT2YGXVYU=
github.com/aws/aws-sdk-go-v2/service/cloudformation v1.81.0/go.mod h1:FyOhT3yf+nXnwVKSDfP9vPodJtzyxfNQVvgcDnKKd3Q=
github.com/aws/aws-sdk-go-v2/service/cloudfront v1.73.0 h1:HPWvupnWpnWakePyUlEPCPgY2HDEmcwB1Pc7Ap5zz/U=
github.com/aws/aws-sdk-go-v2/service/cloudfront v1.73.0/go.mod h1:yau58e5HNLT0ZbIOk5u91J7B9JRfP2SiEqJiySQE8Q0=
github.com/aws/aws-sdk-go-v2/service/cloudtrail v1.65.0 h1:QA4QHfbunTS6RhbUc69oTq0wZLE8RY1QFion/04lKNE=
github.com/aws/aws-sdk-go-v2/service/cloudtrail v1.65.0/go.mod h1:w9+c29ZpqRj5aNjJKOKtqydNLtc9uSBQfvx/4H4LHH0=
github.com/aws/aws-sdk-go-v2/service/cloudwatch v1.72.0 h1:BAVXU2PW/FQZUWdTZ9VQZPpbCF711hEQ0l6bW8FKl1I=
github.com/aws/aws-sdk-go-v2/service/cloudwatch v1.72.0/go.mod h1:4ZX78yzuIXJ78KT4eiKxQ7bUUm/Oe5xWvKzWFoL6x+g=
github.com/aws/aws-sdk-go-v2/service/cloudwatchlogs v1.87.0 h1:qn5nw6rYGLIBnxbOexypxG2eOaMzV389mG4WdUXp0/k=
github.com/aws/aws-sdk-go-v2/service/cloudwatchlogs v1.87.0/go.mod h1:wsz6uFaBRCfqWjNLeBH0jutf0ek8CQGVCO/QSTWZl54=
github.com/aws/aws-sdk-go-v2/service/codeartifact v1.46.0 h1:+1rMF8+Fwe7Ch+3tflw+34jdGIEuESQKs3Q8SNadaGU=
github.com/aws/aws-sdk-go-v2/service/codeartifact v1.46.0/go.mod h1:zbY9QqRCTkirqumZSpW+G79ym/gC2JIo5RrduN1gExc=
github.com/aws/aws-sdk-go-v2/service/codebuild v1.78.0 h1:2ppWovUpxPoWjp1wZn/PzvlvbeyTrSTDb3FZ4LTs1RQ=
github.com/aws/aws-sdk-go-v2/service/codebuild v1.78.0/go.mod h1:f+1KtPh8S4Pz8sbNTFxwEx2oG38Ymrco1a1m5OTkahI=
github.com/aws/aws-sdk-go-v2/service/codepipeline v1.55.0 h1:YUGFR1Ur4yO4endyNa8lOrDnyjSmMLfAgkgK9hxtDTs=
github.com/aws/aws-sdk-go-v2/service/codepipeline v1.55.0/go.mod h1:NQY813O5hkjmVkcBaoxIl6M0IdaKzYBPFjhsp3UR910=
github.com/aws/aws-sdk-go-v2/service/costexplorer v1.72.0 h1:NE/Ky5Qk7bV8RN9sLymPOV33+yOC6eSpKZunkB7kYtg=
github.com/aws/aws-sdk-go-v2/service/costexplorer v1.72.0/go.mod h1:j/2mz73u4sqC6BOp3TXxDBXqQQ6QjaHHMgju4wVsX70=
github.com/aws/aws-sdk-go-v2/service/docdb v1.56.0 h1:PBUWUG3q0c3/2w/wHzWb9d1/GrAf8tFiXA4JunFt2SM=
github.com/aws/aws-sdk-go-v2/service/docdb v1.56.0/go.mod h1:QYcGmcL9xZGNVJXkKEm1UI4otRjlylzULmpNOGSS8LM=
github.com/aws/aws-sdk-go-v2/service/dynamodb v1.68.0 h1:b1D6b5N6cIwLKP54WxDMQyRiRxzCPfcrvMJQbG1Oozs=
github.com/aws/aws-sdk-go-v2/service/dynamodb v1.68.0/go.mod h1:d7bRXj2c3K52qdd62I1c0o+ua/44QScJFj6EP0ufZeI=
github.com/aws/aws-sdk-go-v2/service/ec2 v1.331.0 h1:UjEOFpZ7KY2tp/PKLHQXakQcSNxKMGMEVTcxQbEQZMk=
github.com/aws/aws-sdk-go-v2/service/ec2 v1.331.0/go.mod h1:2o5yJcnWuaBOsnNqlO1reYs1OQffFkqf2xJ2mmMWNH4=
github.com/aws/aws-sdk-go-v2/service/ecr v1.65.0 h1:k2IY7d2YZW6eY3jgTL5szmtmnpZgCvHhbhSC59714p8=
github.com/aws/aws-sdk-go-v2/service/ecr v1.65.0/go.mod h1:iSlv4VibruxMhWfiKrNbn97Yjhe2855EFrgUitSESfM=
github.com/aws/aws-sdk-go-v2/service/ecs v1.97.0 h1:uzFo5cX+i6nQTI1J0W3n90IYK6RKufkCyR9DfvD853k=
github.com/aws/aws-sdk-go-v2/service/ecs v1.97.0/go.mod h1:n91ZROStH0gUedR5Rh4RKLyHXG+XiDGcEi3rvTt2HCY=
github.com/aws/aws-sdk-go-v2/service/efs v1.49.0 h1:C5YKazI/2RBNaC7VjD3d4iyHlPuM+Hc6ALekEj9DnUs=
github.com/aws/aws-sdk-go-v2/service/efs v1.49.0/go.mod h1:Y1/nJ3u8kA87NuX5bzRVcidansAy04vY7Fr2+4xvtpc=
github.com/aws/aws-sdk-go-v2/service/eks v1.99.0 h1:DJhHBuKLyXU5krDg94uUwAbU4828vmurQd0O/VBanVk=
github.com/aws/aws-sdk-go-v2/service/eks v1.99.0/go.mod h1:flOCIr3poFqMcmCXl5ZZIhtDm0/n8tofP/Tio422uO0=
github.com/aws/aws-sdk-go-v2/service/elasticache v1.61.0 h1:Eo8AmBpMHrqaj84tSbwcC8hOHxKxeCXF+3rITsRilPA=
github.com/aws/aws-sdk-go-v2/service/elasticache v1.61.0/go.mod h1:2K5TXivwtZNbK2r9p+rvLIIkaplloZkJWLAhNJF2XCg=
github.com/aws/aws-sdk-go-v2/service/elasticbeanstalk v1.42.0 h1:CtpMlx+j2R51TVvrLpiEKGZbl6GQZ7BnfXAaxzrx2Zs=
github.com/aws/aws-sdk-go-v2/service/elasticbeanstalk v1.42.0/go.mod h1:Emf4pZcNslkwt6RQNapStKCuI7hfwP6hCLUsOwPhjis=
github.com/aws/aws-sdk-go-v2/service/elasticloadbalancingv2 v1.63.0 h1:1DabWJRKuH0NlRFz46Hjre4JiG1rFveqhJCp6opWcrY=
github.com/aws/aws-sdk-go-v2/service/elasticloadbalancingv2 v1.63.0/go.mod h1:b4kwulEESlsKCSoAFD0PuUJlFskjwct+7odV4wCBJYE=
github.com/aws/aws-sdk-go-v2/service/eventbridge v1.54.0 h1:aSMmkgdgDL7vr8VNAAPU4Ak8r3+mdomp0pfnmC1U91A=
github.com/aws/aws-sdk-go-v2/service/eventbridge v1.54.0/go.mod h1:ORQiOBGYQL5PgFE6xtviANm2mYO0NPMPgDXTItKYiSg=
github.com/aws/aws-sdk-go-v2/service/glue v1.158.0 h1:xTJVlNlyBX91Wg9HsELZp+N2zgNvxGKFjAdio8Ovub8=
github.com/aws/aws-sdk-go-v2/service/glue v1.158.0/go.mod h1:7FRMlGrTAJzJ0CQ4ByGISaMGaZe6PKgI8NzU9btDL5A=
github.com/aws/aws-sdk-go-v2/service/iam v1.64.0 h1:CjgiPuyW26WQeQ934DxMNuwkDg6+ziqgPN9lHQ5rwYA=
github.com/aws/aws-sdk-go-v2/service/iam v1.64.0/go.mod h1:TI7OT5XlpXfs4BM4Y5NXcHTiyBwkqv6NpGiM4/usn5A=
github.com/aws/aws-sdk-go-v2/service/internal/accept-encoding v1.13.19 h1:bAdDl/HkGCcGPoe25ToSHEw23VIxt6CT5fLcg111BKg=
github.com/aws/aws-sdk-go-v2/service/internal/accept-encoding v1.13.19/go.mod h1:KaUzbLxv4CeSxh6ZCl9B4m7CuFenS8kUEaDs+f/DQr4=
github.com/aws/aws-sdk-go-v2/service/internal/checksum v1.11.3 h1:BHKCSX4QXERe8So8rbWqaM7owqOmDJxATXgJwGng22A=
github.com/aws/aws-sdk-go-v2/service/internal/checksum v1.11.3/go.mod h1:GqWeeKfYfezihA2KfFL9l7ohEdZWe1tuFWh3GfyNSnE=
github.com/aws/aws-sdk-go-v2/service/internal/endpoint-discovery v1.13.3 h1:76FYKEDB9AzQzOaERx6TKaKKS1fxjswzO/cfestdWnI=
github.com/aws/aws-sdk-go-v2/service/internal/endpoint-discovery v1.13.3/go.mod h1:BH5hXFPEK6XdipZfv99bfbjV44tKwyjImyOaB3gIzts=
github.com/aws/aws-sdk-go-v2/service/internal/presigned-url v1.14.3 h1:bON1rJf67TSTDCKg816AAIE4xSTtoo9tl0XRkO72R+I=
github.com/aws/aws-sdk-go-v2/service/internal/presigned-url v1.14.3/go.mod h1:c5BBpjJcQXpfeq9iASyVKA3T6vX6B6LEXY4mL/gklDY=
github.com/aws/aws-sdk-go-v2/service/internal/s3shared v1.20.3 h1:L8vIOxylma91TcR96NFTEC07G3JDwSl+CvK2b+IODms=
github.com/aws/aws-sdk-go-v2/service/internal/s3shared v1.20.3/go.mod h1:fmPIZQzTExYuBNWFyi1P7IoDjvskgphXqK1yObMzusM=
github.com/aws/aws-sdk-go-v2/service/kafka v1.64.0 h1:QYS695UMuOm9I2IGELMaw4NI1fXaMFui9WEqNEPeYhE=
github.com/aws/aws-sdk-go-v2/service/kafka v1.64.0/go.mod h1:TwVlW7suMgnih6u0cdxv2BClpt95I1trqNP4p26ja48=
github.com/aws/aws-sdk-go-v2/service/kinesis v1.54.0 h1:Y6uaK3qfKnDwpo81qEHGJK2CIeZa9mT0a6OVVa2oW6E=
github.com/aws/aws-sdk-go-v2/service/kinesis v1.54.0/go.mod h1:REbx7m7CD9WvxMY2Oy/EoOFb+gbSqO0EoZBZ5yKucME=
github.com/aws/aws-sdk-go-v2/service/kms v1.60.0 h1:O/xKUsrz7J69Q0yca9XeYxwgi+NbBVbxczcZWudJdU0=
github.com/aws/aws-sdk-go-v2/service/kms v1.60.0/go.mod h1:/eZ9xj8IZyb7fj+/t3HO7x89X+7Vn+gCDDbQ2NHCVtM=
github.com/aws/aws-sdk-go-v2/service/lambda v1.108.0 h1:iIjgs1MWp6quM8QyDUorxEjIZEpXV4UgqEp6wbFAz5U=
github.com/aws/aws-sdk-go-v2/service/lambda v1.108.0/go.mod h1:KYgalOoMYV+Dm9vz0ydRM+SQ3RtFcqGHR/rl36YD6oY=
github.com/aws/aws-sdk-go-v2/service/mwaa v1.48.0 h1:zMTmv1FJoC1t8aXFukvqgGVVugkRYKLaIULgIRi0yRQ=
github.com/aws/aws-sdk-go-v2/service/mwaa v1.48.0/go.mod h1:SFudNo+ErLGQD9QgMsKVlfQgVnGsAHPFhxHlI8RLtxw=
github.com/aws/aws-sdk-go-v2/service/opensearch v1.80.0 h1:E4cFgebyiuXs8k9Mm/fRUVhK9D1wtJD58GUa4gbfVFI=
github.com/aws/aws-sdk-go-v2/service/opensearch v1.80.0/go.mod h1:soHkl4mnDqMIOg4ZQiSnDU+DOJLy5KvA+CDJFskXTz8=
github.com/aws/aws-sdk-go-v2/service/rds v1.129.0 h1:rfqkLgq6+N4R2+03T8VS6B7yU4l1gx21zaK/v54Qaik=
github.com/aws/aws-sdk-go-v2/service/rds v1.129.0/go.mod h1:UKCSI4ZmISkI7H6ndDvwB64cwzbxJssyHe2wrmX60LU=
github.com/aws/aws-sdk-go-v2/service/redshift v1.71.0 h1:LLqetEH9SAXVzjTfdwA6Nm2Stl/8vshhB5/qDyIFpqE=
github.com/aws/aws-sdk-go-v2/service/redshift v1.71.0/go.mod h1:kImgReFKNjl19fPmOZpmzVRJDuOBw/D8yYDYjyQpglk=
github.com/aws/aws-sdk-go-v2/service/route53 v1.70.0 h1:VxLw9i321VscFgoYqfSkd2UdLcRVmp9tiv9xnk4VSIY=
github.com/aws/aws-sdk-go-v2/service/route53 v1.70.0/go.mod h1:ZFR4YYQvjghZDMjaAmpXRaO/qxfCns/kjsQtguzvQVU=
github.com/aws/aws-sdk-go-v2/service/s3 v1.113.0 h1:0slwIjBv1sEigSUW4EfTtNw9mbHl0PlOUPX9Y1C/eLE=
github.com/aws/aws-sdk-go-v2/service/s3 v1.113.0/go.mod h1:/uA+2Qj4jd5qBWagVC1AyzzDFXVK997E7U04w7Kw0wI=
github.com/aws/aws-sdk-go-v2/service/secretsmanager v1.49.0 h1:XkHFx2EDC1VxiXaPVBkq3NWD4O+geADhelhl/nvr2Q0=
github.com/aws/aws-sdk-go-v2/service/secretsmanager v1.49.0/go.mod h1:HMOw7but3OQg86ARfV8Hvoc8h/kNiB3OQm1q6AwO27I=
github.com/aws/aws-sdk-go-v2/service/ses v1.42.0 h1:q6K65qiecY5UCtSMtOJS7h1e+dBky9bUhdJ0q+Uedac=
github.com/aws/aws-sdk-go-v2/service/ses v1.42.0/go.mod h1:MX4KV/IaEiUoS5CAlqVtZl59JUICSnEHw6SnS1xkvOQ=
github.com/aws/aws-sdk-go-v2/service/sesv2 v1.73.0 h1:Zg4htSiY02pE8l4bXZufKkG8zWT5q+TJxQu8CyLOcOU=
github.com/aws/aws-sdk-go-v2/service/sesv2 v1.73.0/go.mod h1:C256pAibuEeuhc9aEnGwnWwEwbeCS+5Zf2D3B9TCxUQ=
github.com/aws/aws-sdk-go-v2/service/sfn v1.50.0 h1:gWOQdh/7skx9DNiIHbLZebcvu+yDzu6/2ZOg07U8e9Y=
github.com/aws/aws-sdk-go-v2/service/sfn v1.50.0/go.mod h1:pXoS3mP7ir9se2TjwYpijkXWmJos8Ma+4+DB0mgkQLU=
github.com/aws/aws-sdk-go-v2/service/signin v1.10.0 h1:ZD5qFpWcaOKdTuhBi431pIDkCgrMkMlMT6jlpSPoIRI=
github.com/aws/aws-sdk-go-v2/service/signin v1.10.0/go.mod h1:8Nuuf+tR346PjJ3MvZPh9pekbLiLQFWJhzMXfwy7alA=
github.com/aws/aws-sdk-go-v2/service/sns v1.47.0 h1:LG0eB968S17nXOj6wfXasPvRXhlcN0xq26m4kaNbGL4=
github.com/aws/aws-sdk-go-v2/service/sns v1.47.0/go.mod h1:s/NR14+UXkT4NCUvC/GemXuNhd+lhAc2QbnZyTVqxlk=
github.com/aws/aws-sdk-go-v2/service/sqs v1.52.0 h1:39EpbrAPFSOPYc9FVr2ki84cLB/9C5nC03aL7ope2rU=
github.com/aws/aws-sdk-go-v2/service/sqs v1.52.0/go.mod h1:yErwLsJkArgQLSGWtLjjwlpvlLK4+c9h0jDZZVN02hw=
github.com/aws/aws-sdk-go-v2/service/ssm v1.78.0 h1:+a7gfPhZYdFvMxKwbC51PljAo4L/cdzg2tmtMusRkDE=
github.com/aws/aws-sdk-go-v2/service/ssm v1.78.0/go.mod h1:sCtehdCzGR2L4tFbPq6qnfqX1A86h2Hna8fU10VuTaA=
github.com/aws/aws-sdk-go-v2/service/sso v1.38.0 h1:JGeeBcMlhg1xtOXYpeCaTQBZObtXMPQCUqBcmr65NRA=
github.com/aws/aws-sdk-go-v2/service/sso v1.38.0/go.mod h1:XwteswG9EOMRFm73UT0t+MbTwyLxMrEXkU6e+v92Lzo=
github.com/aws/aws-sdk-go-v2/service/ssooidc v1.43.0 h1:obhahQXDEdVEv8y5bTKXR30LVaxYe1kyYM0L7l2Iq+k=
github.com/aws/aws-sdk-go-v2/service/ssooidc v1.43.0/go.mod h1:6twZZ/aXHNy1vXUO8koUbp++MYzMASkOgEBdkbJYmO0=
github.com/aws/aws-sdk-go-v2/service/sts v1.50.0 h1:khXV3+K5D3f4e8xtplaRdSFn1bEg3gj5EBHQvbCOZbQ=
github.com/aws/aws-sdk-go-v2/service/sts v1.50.0/go.mod h1:/8JRcdTt//hG0Q4BTmGbuOplT7ABe+5rdtqUHqXvYIM=
github.com/aws/aws-sdk-go-v2/service/transfer v1.82.0 h1:VpCdz8y1/g9a2w1Mw7jtg5Zgc6svganR1pscl3Ppzg4=
github.com/aws/aws-sdk-go-v2/service/transfer v1.82.0/go.mod h1:rQBKpvpMvjY0VdQwr7YHZg0bl7cI+XQQURQtIJXsaJM=
github.com/aws/aws-sdk-go-v2/service/wafv2 v1.83.0 h1:4yDRPLqgQIxbhxHCTVuP7mtYVAk5M7k3XM1Jcdb5zBc=
github.com/aws/aws-sdk-go-v2/service/wafv2 v1.83.0/go.mod h1:dUh2+AySp4jCAO8XsmN98C5Fnw7Yai1/sKTHl91B70I=
github.com/aws/smithy-go v1.28.1 h1:R/nXH00c8qcfCzQVELtRw+eLQWtzv+VAIEFJ1/xxXlQ=
github.com/aws/smithy-go v1.28.1/go.mod h1:YE2RhdIuDbA5E5bTdciG9KrW3+TiEONeUWCqxX9i1Fc=
github.com/aymanbagabas/go-udiff v0.4.1 h1:OEIrQ8maEeDBXQDoGCbbTTXYJMYRCRO1fnodZ12Gv5o=
github.com/aymanbagabas/go-udiff v0.4.1/go.mod h1:0L9PGwj20lrtmEMeyw4WKJ/TMyDtvAoK9bf2u/mNo3w=
github.com/charmbracelet/colorprofile v0.4.3 h1:QPa1IWkYI+AOB+fE+mg/5/4HRMZcaXex9t5KX76i20Q=
github.com/charmbracelet/colorprofile v0.4.3/go.mod h1:/zT4BhpD5aGFpqQQqw7a+VtHCzu+zrQtt1zhMt9mR4Q=
github.com/charmbracelet/ultraviolet v0.0.0-20260906173415-0277a179edd9 h1:tYBWVoMfQHTwp88mWeWH7o0uJFZqRJeEGJmeHpIR8Ms=
github.com/charmbracelet/ultraviolet v0.0.0-20260906173415-0277a179edd9/go.mod h1:nAw0d9PhFp1qdzi2xhQU5YOu5sVpDIHWlaW2Uz/bCro=
github.com/charmbracelet/x/ansi v0.11.8 h1:JMFwp0CgDC2+jcOB162HH5k7I3FVbgFSMMYg7dSPBQQ=
github.com/charmbracelet/x/ansi v0.11.8/go.mod h1:ZNN+3mXny/516oTQPLMPIBeSINvNJJQ8uQXDgbeJxY0=
github.com/charmbracelet/x/exp/golden v0.0.0-20250806222409-83e3a29d542f h1:pk6gmGpCE7F3FcjaOEKYriCvpmIN4+6OS/RD0vm4uIA=
github.com/charmbracelet/x/exp/golden v0.0.0-20250806222409-83e3a29d542f/go.mod h1:IfZAMTHB6XkZSeXUqriemErjAWCCzT0LwjKFYCZyw0I=
github.com/charmbracelet/x/term v0.2.2 h1:xVRT/S2ZcKdhhOuSP4t5cLi5o+JxklsoEObBSgfgZRk=
github.com/charmbracelet/x/term v0.2.2/go.mod h1:kF8CY5RddLWrsgVwpw4kAa6TESp6EB5y3uxGLeCqzAI=
github.com/charmbracelet/x/termios v0.1.1 h1:o3Q2bT8eqzGnGPOYheoYS8eEleT5ZVNYNy8JawjaNZY=
github.com/charmbracelet/x/termios v0.1.1/go.mod h1:rB7fnv1TgOPOyyKRJ9o+AsTU/vK5WHJ2ivHeut/Pcwo=
github.com/charmbracelet/x/windows v0.2.2 h1:IofanmuvaxnKHuV04sC0eBy/smG6kIKrWG2/jYn2GuM=
github.com/charmbracelet/x/windows v0.2.2/go.mod h1:/8XtdKZzedat74NQFn0NGlGL4soHB0YQZrETF96h75k=
github.com/clipperhouse/displaywidth v0.11.0 h1:lBc6kY44VFw+TDx4I8opi/EtL9m20WSEFgwIwO+UVM8=
github.com/clipperhouse/displaywidth v0.11.0/go.mod h1:bkrFNkf81G8HyVqmKGxsPufD3JhNl3dSqnGhOoSD/o0=
github.com/clipperhouse/uax29/v2 v2.7.0 h1:+gs4oBZ2gPfVrKPthwbMzWZDaAFPGYK72F0NJv2v7Vk=
github.com/clipperhouse/uax29/v2 v2.7.0/go.mod h1:EFJ2TJMRUaplDxHKj1qAEhCtQPW2tJSwu5BF98AuoVM=
github.com/google/go-cmp v0.6.0 h1:ofyhxvXcZhMsU5ulbFiLKl/XBFqE1GSq7atu8tAmTRI=
github.com/google/go-cmp v0.6.0/go.mod h1:17dUlkBOakJ0+DkrSSNjCkIjxS6bF9zb3elmeNGIjoY=
github.com/lucasb-eyer/go-colorful v1.4.1 h1:1EO+WB73+EH8EVbzlrG3KLAfEypQWVHIBqlTf+2hNss=
github.com/lucasb-eyer/go-colorful v1.4.1/go.mod h1:R4dSotOR9KMtayYi1e77YzuveK+i7ruzyGqttikkLy0=
github.com/mattn/go-runewidth v0.0.29 h1:3oGF3R/S2N9DQ3ptftzVIvg2eicmojCzlwBEmqEPDfQ=
github.com/mattn/go-runewidth v0.0.29/go.mod h1:3qAiGCV4Koz/yuveO58qUefmUTRm8r0IGEXZ9jeHp/8=
github.com/muesli/cancelreader v0.2.2 h1:3I4Kt4BQjOR54NavqnDogx/MIoWBFa0StPA8ELUXHmA=
github.com/muesli/cancelreader v0.2.2/go.mod h1:3XuTXfFS2VjM+HTLZY9Ak0l6eUKfijIfMUZ4EgX0QYo=
github.com/rivo/uniseg v0.4.7 h1:WUdvkW8uEhrYfLC4ZzdpI2ztxP1I582+49Oc5Mq64VQ=
github.com/rivo/uniseg v0.4.7/go.mod h1:FN3SvrM+Zdj16jyLfmOkMNblXMcoc8DfTHruCPUcx88=
github.com/xo/terminfo v1.0.0 h1:2ZpYzqWzyyytjk3TP6aJVDhkMAkc99/1xKQdA3TDTBY=
github.com/xo/terminfo v1.0.0/go.mod h1:RbqR21r5mrJuqunuUZ/Dhy/avygyECGrLceyNeo4LiM=
golang.org/x/exp v0.0.0-20231006140011-7918f672742d h1:jtJma62tbqLibJ5sFQz8bKtEM8rJBtfilJ2qTU199MI=
golang.org/x/exp v0.0.0-20231006140011-7918f672742d/go.mod h1:ldy0pHrwJyGW56pPQzzkH36rKxoZW1tw7ZJpeKx+hdo=
golang.org/x/mod v0.41.0 h1:qJmnOUb4YB+FsEuM3HcWucdZASCPGhsX6uljO6pog0c=
golang.org/x/mod v0.41.0/go.mod h1:Ek9pY8RKWXwsWvd3rQiHYtMqkjSUV+s1Rj7j4H5Ur6o=
golang.org/x/sync v0.23.0 h1:KameEIfc1IkluZyXWLn39Wd4tURc6GbCiISGiZm2bQk=
golang.org/x/sync v0.23.0/go.mod h1:sUUOizhqBxiL6pEWpqNLUiaJn1ShEbZ6BBqskPbjZm0=
golang.org/x/sys v0.48.0 h1:bbX/i/6MgT9BVLM9RT1thmxL04yeTAhbEz4SyadbXoo=
golang.org/x/sys v0.48.0/go.mod h1:hNLxWAXmnKAxqDtdwIYC4bM9oQPEecfsnNMuSxOs3og=
golang.org/x/tools v0.50.0 h1:c2ifzfcuY7L90lZ2aKd8S4K2NpASF08SZx9ZuJkHmSU=
golang.org/x/tools v0.50.0/go.mod h1:7ulVMw3831Mwi5EZD6RomGyffr4VFjuNYXf2BbCEAV0=
gopkg.in/check.v1 v0.0.0-20161208181325-20d25e280405 h1:yhCVgyC4o1eVCa2tZl7eS0r+SDo693bJlVdllGtEeKM=
gopkg.in/check.v1 v0.0.0-20161208181325-20d25e280405/go.mod h1:Co6ibVJAznAaIkqp8huTwlJQCZ016jof/cbN4VW5Yz0=
gopkg.in/yaml.v3 v3.0.1 h1:fxVm/GzAzEWqLHuvctI91KS9hhNmmWOoWu0XTYJS7CA=
gopkg.in/yaml.v3 v3.0.1/go.mod h1:K4uyk7z7BCEPqu6E+C64Yfv1cQ7kz7rIZviUmN+EgEM=
